// !$*UTF8*$!
{
	archiveVersion = 1;
	classes = {
	};
	objectVersion = 46;
	objects = {

/* Begin PBXBuildFile section */
		1824ED311534036400DC3B45 /* UIKit.framework in Frameworks */ = {isa = PBXBuildFile; fileRef = 1824ED301534036400DC3B45 /* UIKit.framework */; };
		1824ED331534036400DC3B45 /* Foundation.framework in Frameworks */ = {isa = PBXBuildFile; fileRef = 1824ED321534036400DC3B45 /* Foundation.framework */; };
		1824ED351534036400DC3B45 /* CoreGraphics.framework in Frameworks */ = {isa = PBXBuildFile; fileRef = 1824ED341534036400DC3B45 /* CoreGraphics.framework */; };
		1824ED3B1534036400DC3B45 /* InfoPlist.strings in Resources */ = {isa = PBXBuildFile; fileRef = 1824ED391534036400DC3B45 /* InfoPlist.strings */; };
		1824ED3D1534036400DC3B45 /* main.m in Sources */ = {isa = PBXBuildFile; fileRef = 1824ED3C1534036400DC3B45 /* main.m */; };
		1824ED411534036400DC3B45 /* EZAppDelegate.m in Sources */ = {isa = PBXBuildFile; fileRef = 1824ED401534036400DC3B45 /* EZAppDelegate.m */; };
		1824ED441534036400DC3B45 /* EZFirstViewController.m in Sources */ = {isa = PBXBuildFile; fileRef = 1824ED431534036400DC3B45 /* EZFirstViewController.m */; };
		1824ED461534036400DC3B45 /* first.png in Resources */ = {isa = PBXBuildFile; fileRef = 1824ED451534036400DC3B45 /* first.png */; };
		1824ED481534036400DC3B45 /* first@2x.png in Resources */ = {isa = PBXBuildFile; fileRef = 1824ED471534036400DC3B45 /* first@2x.png */; };
		1824ED4B1534036400DC3B45 /* EZSecondViewController.m in Sources */ = {isa = PBXBuildFile; fileRef = 1824ED4A1534036400DC3B45 /* EZSecondViewController.m */; };
		1824ED4D1534036400DC3B45 /* second.png in Resources */ = {isa = PBXBuildFile; fileRef = 1824ED4C1534036400DC3B45 /* second.png */; };
		1824ED4F1534036400DC3B45 /* second@2x.png in Resources */ = {isa = PBXBuildFile; fileRef = 1824ED4E1534036400DC3B45 /* second@2x.png */; };
		1824ED521534036400DC3B45 /* EZFirstViewController.xib in Resources */ = {isa = PBXBuildFile; fileRef = 1824ED501534036400DC3B45 /* EZFirstViewController.xib */; };
		1824ED551534036400DC3B45 /* EZSecondViewController.xib in Resources */ = {isa = PBXBuildFile; fileRef = 1824ED531534036400DC3B45 /* EZSecondViewController.xib */; };
		1824ED5D1534045100DC3B45 /* EZTimeSettingController.m in Sources */ = {isa = PBXBuildFile; fileRef = 1824ED5C1534045100DC3B45 /* EZTimeSettingController.m */; };
		1824ED601534074C00DC3B45 /* TimeSetting.xib in Resources */ = {isa = PBXBuildFile; fileRef = 1824ED5F1534074C00DC3B45 /* TimeSetting.xib */; };
		187345A51537025900E23CD7 /* EZTabBarController.m in Sources */ = {isa = PBXBuildFile; fileRef = 187345A41537025900E23CD7 /* EZTabBarController.m */; };
		187345A915370A6700E23CD7 /* DragableView.m in Sources */ = {isa = PBXBuildFile; fileRef = 187345A815370A6700E23CD7 /* DragableView.m */; };
		187345AC15378FE500E23CD7 /* EZObject.m in Sources */ = {isa = PBXBuildFile; fileRef = 187345AB15378FE500E23CD7 /* EZObject.m */; };
		187345AF1537C7B700E23CD7 /* EZButton.m in Sources */ = {isa = PBXBuildFile; fileRef = 187345AE1537C7B700E23CD7 /* EZButton.m */; };
		187345C415381EBF00E23CD7 /* EZTimeScrollView.m in Sources */ = {isa = PBXBuildFile; fileRef = 187345C315381EBF00E23CD7 /* EZTimeScrollView.m */; };
		187345C7153823A400E23CD7 /* EZBackgroundView.m in Sources */ = {isa = PBXBuildFile; fileRef = 187345C6153823A400E23CD7 /* EZBackgroundView.m */; };
		187345CA1538295E00E23CD7 /* EZTimeInfo.m in Sources */ = {isa = PBXBuildFile; fileRef = 187345C91538295E00E23CD7 /* EZTimeInfo.m */; };
		18EA41FD153A9C2600CF9F6E /* EZViewUtility.m in Sources */ = {isa = PBXBuildFile; fileRef = 18EA41FC153A9C2600CF9F6E /* EZViewUtility.m */; };
		18EA4266153B01F900CF9F6E /* Squeezit.bundle in Resources */ = {isa = PBXBuildFile; fileRef = 18EA4265153B01F900CF9F6E /* Squeezit.bundle */; };
		18EA4269153B022800CF9F6E /* EZGlobalLocalize.m in Sources */ = {isa = PBXBuildFile; fileRef = 18EA4268153B022800CF9F6E /* EZGlobalLocalize.m */; };
/* End PBXBuildFile section */

/* Begin PBXFileReference section */
		1824ED2C1534036400DC3B45 /* Squeezit.app */ = {isa = PBXFileReference; explicitFileType = wrapper.application; includeInIndex = 0; path = Squeezit.app; sourceTree = BUILT_PRODUCTS_DIR; };
		1824ED301534036400DC3B45 /* UIKit.framework */ = {isa = PBXFileReference; lastKnownFileType = wrapper.framework; name = UIKit.framework; path = System/Library/Frameworks/UIKit.framework; sourceTree = SDKROOT; };
		1824ED321534036400DC3B45 /* Foundation.framework */ = {isa = PBXFileReference; lastKnownFileType = wrapper.framework; name = Foundation.framework; path = System/Library/Frameworks/Foundation.framework; sourceTree = SDKROOT; };
		1824ED341534036400DC3B45 /* CoreGraphics.framework */ = {isa = PBXFileReference; lastKnownFileType = wrapper.framework; name = CoreGraphics.framework; path = System/Library/Frameworks/CoreGraphics.framework; sourceTree = SDKROOT; };
		1824ED381534036400DC3B45 /* Squeezit-Info.plist */ = {isa = PBXFileReference; lastKnownFileType = text.plist.xml; path = "Squeezit-Info.plist"; sourceTree = "<group>"; };
		1824ED3A1534036400DC3B45 /* en */ = {isa = PBXFileReference; lastKnownFileType = text.plist.strings; name = en; path = en.lproj/InfoPlist.strings; sourceTree = "<group>"; };
		1824ED3C1534036400DC3B45 /* main.m */ = {isa = PBXFileReference; lastKnownFileType = sourcecode.c.objc; path = main.m; sourceTree = "<group>"; };
		1824ED3E1534036400DC3B45 /* Squeezit-Prefix.pch */ = {isa = PBXFileReference; lastKnownFileType = sourcecode.c.h; path = "Squeezit-Prefix.pch"; sourceTree = "<group>"; };
		1824ED3F1534036400DC3B45 /* EZAppDelegate.h */ = {isa = PBXFileReference; lastKnownFileType = sourcecode.c.h; path = EZAppDelegate.h; sourceTree = "<group>"; };
		1824ED401534036400DC3B45 /* EZAppDelegate.m */ = {isa = PBXFileReference; lastKnownFileType = sourcecode.c.objc; path = EZAppDelegate.m; sourceTree = "<group>"; };
		1824ED421534036400DC3B45 /* EZFirstViewController.h */ = {isa = PBXFileReference; lastKnownFileType = sourcecode.c.h; path = EZFirstViewController.h; sourceTree = "<group>"; };
		1824ED431534036400DC3B45 /* EZFirstViewController.m */ = {isa = PBXFileReference; lastKnownFileType = sourcecode.c.objc; path = EZFirstViewController.m; sourceTree = "<group>"; };
		1824ED451534036400DC3B45 /* first.png */ = {isa = PBXFileReference; lastKnownFileType = image.png; path = first.png; sourceTree = "<group>"; };
		1824ED471534036400DC3B45 /* first@2x.png */ = {isa = PBXFileReference; lastKnownFileType = image.png; path = "first@2x.png"; sourceTree = "<group>"; };
		1824ED491534036400DC3B45 /* EZSecondViewController.h */ = {isa = PBXFileReference; lastKnownFileType = sourcecode.c.h; path = EZSecondViewController.h; sourceTree = "<group>"; };
		1824ED4A1534036400DC3B45 /* EZSecondViewController.m */ = {isa = PBXFileReference; lastKnownFileType = sourcecode.c.objc; path = EZSecondViewController.m; sourceTree = "<group>"; };
		1824ED4C1534036400DC3B45 /* second.png */ = {isa = PBXFileReference; lastKnownFileType = image.png; path = second.png; sourceTree = "<group>"; };
		1824ED4E1534036400DC3B45 /* second@2x.png */ = {isa = PBXFileReference; lastKnownFileType = image.png; path = "second@2x.png"; sourceTree = "<group>"; };
		1824ED511534036400DC3B45 /* en */ = {isa = PBXFileReference; lastKnownFileType = file.xib; name = en; path = en.lproj/EZFirstViewController.xib; sourceTree = "<group>"; };
		1824ED541534036400DC3B45 /* en */ = {isa = PBXFileReference; lastKnownFileType = file.xib; name = en; path = en.lproj/EZSecondViewController.xib; sourceTree = "<group>"; };
		1824ED5B1534045100DC3B45 /* EZTimeSettingController.h */ = {isa = PBXFileReference; fileEncoding = 4; lastKnownFileType = sourcecode.c.h; name = EZTimeSettingController.h; path = Squeezit/EZTimeSettingController.h; sourceTree = "<group>"; };
		1824ED5C1534045100DC3B45 /* EZTimeSettingController.m */ = {isa = PBXFileReference; fileEncoding = 4; lastKnownFileType = sourcecode.c.objc; name = EZTimeSettingController.m; path = Squeezit/EZTimeSettingController.m; sourceTree = "<group>"; };
		1824ED5F1534074C00DC3B45 /* TimeSetting.xib */ = {isa = PBXFileReference; fileEncoding = 4; lastKnownFileType = file.xib; path = TimeSetting.xib; sourceTree = "<group>"; };
		187345A31537025900E23CD7 /* EZTabBarController.h */ = {isa = PBXFileReference; fileEncoding = 4; lastKnownFileType = sourcecode.c.h; path = EZTabBarController.h; sourceTree = "<group>"; };
		187345A41537025900E23CD7 /* EZTabBarController.m */ = {isa = PBXFileReference; fileEncoding = 4; lastKnownFileType = sourcecode.c.objc; path = EZTabBarController.m; sourceTree = "<group>"; };
		187345A715370A6700E23CD7 /* DragableView.h */ = {isa = PBXFileReference; fileEncoding = 4; lastKnownFileType = sourcecode.c.h; path = DragableView.h; sourceTree = "<group>"; };
		187345A815370A6700E23CD7 /* DragableView.m */ = {isa = PBXFileReference; fileEncoding = 4; lastKnownFileType = sourcecode.c.objc; path = DragableView.m; sourceTree = "<group>"; };
		187345AA15378FE500E23CD7 /* EZObject.h */ = {isa = PBXFileReference; fileEncoding = 4; lastKnownFileType = sourcecode.c.h; path = EZObject.h; sourceTree = "<group>"; };
		187345AB15378FE500E23CD7 /* EZObject.m */ = {isa = PBXFileReference; fileEncoding = 4; lastKnownFileType = sourcecode.c.objc; path = EZObject.m; sourceTree = "<group>"; };
		187345AD1537C7B600E23CD7 /* EZButton.h */ = {isa = PBXFileReference; fileEncoding = 4; lastKnownFileType = sourcecode.c.h; path = EZButton.h; sourceTree = "<group>"; };
		187345AE1537C7B700E23CD7 /* EZButton.m */ = {isa = PBXFileReference; fileEncoding = 4; lastKnownFileType = sourcecode.c.objc; path = EZButton.m; sourceTree = "<group>"; };
		187345B11537CF8000E23CD7 /* Constants.h */ = {isa = PBXFileReference; lastKnownFileType = sourcecode.c.h; path = Constants.h; sourceTree = "<group>"; };
		187345C215381EBF00E23CD7 /* EZTimeScrollView.h */ = {isa = PBXFileReference; fileEncoding = 4; lastKnownFileType = sourcecode.c.h; path = EZTimeScrollView.h; sourceTree = "<group>"; };
		187345C315381EBF00E23CD7 /* EZTimeScrollView.m */ = {isa = PBXFileReference; fileEncoding = 4; lastKnownFileType = sourcecode.c.objc; path = EZTimeScrollView.m; sourceTree = "<group>"; };
		187345C5153823A400E23CD7 /* EZBackgroundView.h */ = {isa = PBXFileReference; fileEncoding = 4; lastKnownFileType = sourcecode.c.h; path = EZBackgroundView.h; sourceTree = "<group>"; };
		187345C6153823A400E23CD7 /* EZBackgroundView.m */ = {isa = PBXFileReference; fileEncoding = 4; lastKnownFileType = sourcecode.c.objc; path = EZBackgroundView.m; sourceTree = "<group>"; };
		187345C81538295E00E23CD7 /* EZTimeInfo.h */ = {isa = PBXFileReference; fileEncoding = 4; lastKnownFileType = sourcecode.c.h; path = EZTimeInfo.h; sourceTree = "<group>"; };
		187345C91538295E00E23CD7 /* EZTimeInfo.m */ = {isa = PBXFileReference; fileEncoding = 4; lastKnownFileType = sourcecode.c.objc; path = EZTimeInfo.m; sourceTree = "<group>"; };
		18EA41FB153A9C2600CF9F6E /* EZViewUtility.h */ = {isa = PBXFileReference; fileEncoding = 4; lastKnownFileType = sourcecode.c.h; path = EZViewUtility.h; sourceTree = "<group>"; };
		18EA41FC153A9C2600CF9F6E /* EZViewUtility.m */ = {isa = PBXFileReference; fileEncoding = 4; lastKnownFileType = sourcecode.c.objc; path = EZViewUtility.m; sourceTree = "<group>"; };
		18EA4265153B01F900CF9F6E /* Squeezit.bundle */ = {isa = PBXFileReference; lastKnownFileType = "wrapper.plug-in"; name = Squeezit.bundle; path = ../Squeezit.bundle; sourceTree = "<group>"; };
		18EA4267153B022800CF9F6E /* EZGlobalLocalize.h */ = {isa = PBXFileReference; fileEncoding = 4; lastKnownFileType = sourcecode.c.h; path = EZGlobalLocalize.h; sourceTree = "<group>"; };
		18EA4268153B022800CF9F6E /* EZGlobalLocalize.m */ = {isa = PBXFileReference; fileEncoding = 4; lastKnownFileType = sourcecode.c.objc; path = EZGlobalLocalize.m; sourceTree = "<group>"; };
/* End PBXFileReference section */

/* Begin PBXFrameworksBuildPhase section */
		1824ED291534036400DC3B45 /* Frameworks */ = {
			isa = PBXFrameworksBuildPhase;
			buildActionMask = 2147483647;
			files = (
				1824ED311534036400DC3B45 /* UIKit.framework in Frameworks */,
				1824ED331534036400DC3B45 /* Foundation.framework in Frameworks */,
				1824ED351534036400DC3B45 /* CoreGraphics.framework in Frameworks */,
			);
			runOnlyForDeploymentPostprocessing = 0;
		};
/* End PBXFrameworksBuildPhase section */

/* Begin PBXGroup section */
		1824ED211534036400DC3B45 = {
			isa = PBXGroup;
			children = (
				18EA41FE153ADD3600CF9F6E /* Resources */,
				18EA41F9153A9BF300CF9F6E /* Utility */,
				187345C015381E7F00E23CD7 /* CustomizeView */,
				187345B01537CF5D00E23CD7 /* Constants */,
				1824ED5E1534046900DC3B45 /* TabControllers */,
				1824ED361534036400DC3B45 /* Squeezit */,
				1824ED2F1534036400DC3B45 /* Frameworks */,
				1824ED2D1534036400DC3B45 /* Products */,
			);
			sourceTree = "<group>";
		};
		1824ED2D1534036400DC3B45 /* Products */ = {
			isa = PBXGroup;
			children = (
				1824ED2C1534036400DC3B45 /* Squeezit.app */,
			);
			name = Products;
			sourceTree = "<group>";
		};
		1824ED2F1534036400DC3B45 /* Frameworks */ = {
			isa = PBXGroup;
			children = (
				1824ED301534036400DC3B45 /* UIKit.framework */,
				1824ED321534036400DC3B45 /* Foundation.framework */,
				1824ED341534036400DC3B45 /* CoreGraphics.framework */,
			);
			name = Frameworks;
			sourceTree = "<group>";
		};
		1824ED361534036400DC3B45 /* Squeezit */ = {
			isa = PBXGroup;
			children = (
				1824ED3F1534036400DC3B45 /* EZAppDelegate.h */,
				1824ED401534036400DC3B45 /* EZAppDelegate.m */,
				1824ED421534036400DC3B45 /* EZFirstViewController.h */,
				1824ED431534036400DC3B45 /* EZFirstViewController.m */,
				1824ED451534036400DC3B45 /* first.png */,
				1824ED471534036400DC3B45 /* first@2x.png */,
				1824ED491534036400DC3B45 /* EZSecondViewController.h */,
				1824ED4A1534036400DC3B45 /* EZSecondViewController.m */,
				1824ED4C1534036400DC3B45 /* second.png */,
				1824ED4E1534036400DC3B45 /* second@2x.png */,
				1824ED501534036400DC3B45 /* EZFirstViewController.xib */,
				1824ED531534036400DC3B45 /* EZSecondViewController.xib */,
				1824ED371534036400DC3B45 /* Supporting Files */,
			);
			path = Squeezit;
			sourceTree = "<group>";
		};
		1824ED371534036400DC3B45 /* Supporting Files */ = {
			isa = PBXGroup;
			children = (
				1824ED381534036400DC3B45 /* Squeezit-Info.plist */,
				1824ED391534036400DC3B45 /* InfoPlist.strings */,
				1824ED3C1534036400DC3B45 /* main.m */,
				1824ED3E1534036400DC3B45 /* Squeezit-Prefix.pch */,
			);
			name = "Supporting Files";
			sourceTree = "<group>";
		};
		1824ED5E1534046900DC3B45 /* TabControllers */ = {
			isa = PBXGroup;
			children = (
				1824ED5B1534045100DC3B45 /* EZTimeSettingController.h */,
				1824ED5C1534045100DC3B45 /* EZTimeSettingController.m */,
				1824ED5F1534074C00DC3B45 /* TimeSetting.xib */,
				187345A31537025900E23CD7 /* EZTabBarController.h */,
				187345A41537025900E23CD7 /* EZTabBarController.m */,
				187345A715370A6700E23CD7 /* DragableView.h */,
				187345A815370A6700E23CD7 /* DragableView.m */,
				187345AA15378FE500E23CD7 /* EZObject.h */,
				187345AB15378FE500E23CD7 /* EZObject.m */,
				187345AD1537C7B600E23CD7 /* EZButton.h */,
				187345AE1537C7B700E23CD7 /* EZButton.m */,
			);
			name = TabControllers;
			sourceTree = "<group>";
		};
		187345B01537CF5D00E23CD7 /* Constants */ = {
			isa = PBXGroup;
			children = (
				187345B11537CF8000E23CD7 /* Constants.h */,
			);
			name = Constants;
			sourceTree = "<group>";
		};
		187345C015381E7F00E23CD7 /* CustomizeView */ = {
			isa = PBXGroup;
			children = (
				187345C215381EBF00E23CD7 /* EZTimeScrollView.h */,
				187345C315381EBF00E23CD7 /* EZTimeScrollView.m */,
				187345C5153823A400E23CD7 /* EZBackgroundView.h */,
				187345C6153823A400E23CD7 /* EZBackgroundView.m */,
				187345C81538295E00E23CD7 /* EZTimeInfo.h */,
				187345C91538295E00E23CD7 /* EZTimeInfo.m */,
			);
			name = CustomizeView;
			sourceTree = "<group>";
		};
		18EA41F9153A9BF300CF9F6E /* Utility */ = {
			isa = PBXGroup;
			children = (
				18EA41FB153A9C2600CF9F6E /* EZViewUtility.h */,
				18EA41FC153A9C2600CF9F6E /* EZViewUtility.m */,
				18EA4267153B022800CF9F6E /* EZGlobalLocalize.h */,
				18EA4268153B022800CF9F6E /* EZGlobalLocalize.m */,
			);
			name = Utility;
			sourceTree = "<group>";
		};
		18EA41FE153ADD3600CF9F6E /* Resources */ = {
			isa = PBXGroup;
			children = (
				18EA4265153B01F900CF9F6E /* Squeezit.bundle */,
			);
			name = Resources;
			sourceTree = "<group>";
		};
/* End PBXGroup section */

/* Begin PBXNativeTarget section */
		1824ED2B1534036400DC3B45 /* Squeezit */ = {
			isa = PBXNativeTarget;
			buildConfigurationList = 1824ED581534036400DC3B45 /* Build configuration list for PBXNativeTarget "Squeezit" */;
			buildPhases = (
				1824ED281534036400DC3B45 /* Sources */,
				1824ED291534036400DC3B45 /* Frameworks */,
				1824ED2A1534036400DC3B45 /* Resources */,
			);
			buildRules = (
			);
			dependencies = (
			);
			name = Squeezit;
			productName = Squeezit;
			productReference = 1824ED2C1534036400DC3B45 /* Squeezit.app */;
			productType = "com.apple.product-type.application";
		};
/* End PBXNativeTarget section */

/* Begin PBXProject section */
		1824ED231534036400DC3B45 /* Project object */ = {
			isa = PBXProject;
			attributes = {
				CLASSPREFIX = EZ;
				LastUpgradeCheck = 0430;
			};
			buildConfigurationList = 1824ED261534036400DC3B45 /* Build configuration list for PBXProject "Squeezit" */;
			compatibilityVersion = "Xcode 3.2";
			developmentRegion = English;
			hasScannedForEncodings = 0;
			knownRegions = (
				en,
				cs,
				de,
				es,
				fr,
				he,
				it,
				ja,
				ko,
				nl,
				pt,
				ru,
				tr,
				zh_cn,
				zh_tw,
			);
			mainGroup = 1824ED211534036400DC3B45;
			productRefGroup = 1824ED2D1534036400DC3B45 /* Products */;
			projectDirPath = "";
			projectRoot = "";
			targets = (
				1824ED2B1534036400DC3B45 /* Squeezit */,
			);
		};
/* End PBXProject section */

/* Begin PBXResourcesBuildPhase section */
		1824ED2A1534036400DC3B45 /* Resources */ = {
			isa = PBXResourcesBuildPhase;
			buildActionMask = 2147483647;
			files = (
				1824ED3B1534036400DC3B45 /* InfoPlist.strings in Resources */,
				1824ED461534036400DC3B45 /* first.png in Resources */,
				1824ED481534036400DC3B45 /* first@2x.png in Resources */,
				1824ED4D1534036400DC3B45 /* second.png in Resources */,
				1824ED4F1534036400DC3B45 /* second@2x.png in Resources */,
				1824ED521534036400DC3B45 /* EZFirstViewController.xib in Resources */,
				1824ED551534036400DC3B45 /* EZSecondViewController.xib in Resources */,
				1824ED601534074C00DC3B45 /* TimeSetting.xib in Resources */,
				18EA4266153B01F900CF9F6E /* Squeezit.bundle in Resources */,
			);
			runOnlyForDeploymentPostprocessing = 0;
		};
/* End PBXResourcesBuildPhase section */

/* Begin PBXSourcesBuildPhase section */
		1824ED281534036400DC3B45 /* Sources */ = {
			isa = PBXSourcesBuildPhase;
			buildActionMask = 2147483647;
			files = (
				1824ED3D1534036400DC3B45 /* main.m in Sources */,
				1824ED411534036400DC3B45 /* EZAppDelegate.m in Sources */,
				1824ED441534036400DC3B45 /* EZFirstViewController.m in Sources */,
				1824ED4B1534036400DC3B45 /* EZSecondViewController.m in Sources */,
				1824ED5D1534045100DC3B45 /* EZTimeSettingController.m in Sources */,
				187345A51537025900E23CD7 /* EZTabBarController.m in Sources */,
				187345A915370A6700E23CD7 /* DragableView.m in Sources */,
				187345AC15378FE500E23CD7 /* EZObject.m in Sources */,
				187345AF1537C7B700E23CD7 /* EZButton.m in Sources */,
				187345C415381EBF00E23CD7 /* EZTimeScrollView.m in Sources */,
				187345C7153823A400E23CD7 /* EZBackgroundView.m in Sources */,
				187345CA1538295E00E23CD7 /* EZTimeInfo.m in Sources */,
				18EA41FD153A9C2600CF9F6E /* EZViewUtility.m in Sources */,
				18EA4269153B022800CF9F6E /* EZGlobalLocalize.m in Sources */,
			);
			runOnlyForDeploymentPostprocessing = 0;
		};
/* End PBXSourcesBuildPhase section */

/* Begin PBXVariantGroup section */
		1824ED391534036400DC3B45 /* InfoPlist.strings */ = {
			isa = PBXVariantGroup;
			children = (
				1824ED3A1534036400DC3B45 /* en */,
			);
			name = InfoPlist.strings;
			sourceTree = "<group>";
		};
		1824ED501534036400DC3B45 /* EZFirstViewController.xib */ = {
			isa = PBXVariantGroup;
			children = (
				1824ED511534036400DC3B45 /* en */,
			);
			name = EZFirstViewController.xib;
			sourceTree = "<group>";
		};
		1824ED531534036400DC3B45 /* EZSecondViewController.xib */ = {
			isa = PBXVariantGroup;
			children = (
				1824ED541534036400DC3B45 /* en */,
			);
			name = EZSecondViewController.xib;
			sourceTree = "<group>";
		};
/* End PBXVariantGroup section */

/* Begin XCBuildConfiguration section */
		1824ED561534036400DC3B45 /* Debug */ = {
			isa = XCBuildConfiguration;
			buildSettings = {
				ALWAYS_SEARCH_USER_PATHS = NO;
				ARCHS = "$(ARCHS_STANDARD_32_BIT)";
				CLANG_ENABLE_OBJC_ARC = YES;
				"CODE_SIGN_IDENTITY[sdk=iphoneos*]" = "iPhone Developer";
				COPY_PHASE_STRIP = NO;
				GCC_C_LANGUAGE_STANDARD = gnu99;
				GCC_DYNAMIC_NO_PIC = NO;
				GCC_OPTIMIZATION_LEVEL = 0;
				GCC_PREPROCESSOR_DEFINITIONS = (
					"DEBUG=1",
					"$(inherited)",
				);
				GCC_SYMBOLS_PRIVATE_EXTERN = NO;
				GCC_VERSION = com.apple.compilers.llvm.clang.1_0;
				GCC_WARN_ABOUT_RETURN_TYPE = YES;
				GCC_WARN_UNINITIALIZED_AUTOS = YES;
				GCC_WARN_UNUSED_VARIABLE = YES;
				IPHONEOS_DEPLOYMENT_TARGET = 5.1;
				SDKROOT = iphoneos;
			};
			name = Debug;
		};
		1824ED571534036400DC3B45 /* Release */ = {
			isa = XCBuildConfiguration;
			buildSettings = {
				ALWAYS_SEARCH_USER_PATHS = NO;
				ARCHS = "$(ARCHS_STANDARD_32_BIT)";
				CLANG_ENABLE_OBJC_ARC = YES;
				"CODE_SIGN_IDENTITY[sdk=iphoneos*]" = "iPhone Developer";
				COPY_PHASE_STRIP = YES;
				GCC_C_LANGUAGE_STANDARD = gnu99;
				GCC_VERSION = com.apple.compilers.llvm.clang.1_0;
				GCC_WARN_ABOUT_RETURN_TYPE = YES;
				GCC_WARN_UNINITIALIZED_AUTOS = YES;
				GCC_WARN_UNUSED_VARIABLE = YES;
				IPHONEOS_DEPLOYMENT_TARGET = 5.1;
				OTHER_CFLAGS = "-DNS_BLOCK_ASSERTIONS=1";
				SDKROOT = iphoneos;
				VALIDATE_PRODUCT = YES;
			};
			name = Release;
		};
		1824ED591534036400DC3B45 /* Debug */ = {
			isa = XCBuildConfiguration;
			buildSettings = {
				GCC_PRECOMPILE_PREFIX_HEADER = YES;
				GCC_PREFIX_HEADER = "Squeezit/Squeezit-Prefix.pch";
				INFOPLIST_FILE = "Squeezit/Squeezit-Info.plist";
				PRODUCT_NAME = "$(TARGET_NAME)";
				WRAPPER_EXTENSION = app;
			};
			name = Debug;
		};
		1824ED5A1534036400DC3B45 /* Release */ = {
			isa = XCBuildConfiguration;
			buildSettings = {
				GCC_PRECOMPILE_PREFIX_HEADER = YES;
				GCC_PREFIX_HEADER = "Squeezit/Squeezit-Prefix.pch";
				INFOPLIST_FILE = "Squeezit/Squeezit-Info.plist";
				PRODUCT_NAME = "$(TARGET_NAME)";
				WRAPPER_EXTENSION = app;
			};
			name = Release;
		};
/* End XCBuildConfiguration section */

/* Begin XCConfigurationList section */
		1824ED261534036400DC3B45 /* Build configuration list for PBXProject "Squeezit" */ = {
			isa = XCConfigurationList;
			buildConfigurations = (
				1824ED561534036400DC3B45 /* Debug */,
				1824ED571534036400DC3B45 /* Release */,
			);
			defaultConfigurationIsVisible = 0;
			defaultConfigurationName = Release;
		};
		1824ED581534036400DC3B45 /* Build configuration list for PBXNativeTarget "Squeezit" */ = {
			isa = XCConfigurationList;
			buildConfigurations = (
				1824ED591534036400DC3B45 /* Debug */,
				1824ED5A1534036400DC3B45 /* Release */,
			);
			defaultConfigurationIsVisible = 0;
			defaultConfigurationName = Release;
		};
/* End XCConfigurationList section */
	};
	rootObject = 1824ED231534036400DC3B45 /* Project object */;
}
